{
  "name": "listing_15_19",
  "version": "1.0.0",
  "lockfileVersion": 3,
  "requires": true,
  "packages": {
    "": {
      "name": "listing_15_19",
      "version": "1.0.0",
      "dependencies": {
        "listing_15_19": "file:"
      }
    },
    "node_modules/listing_15_19": {
      "resolved": "",
      "link": true
    }
  }
}
