{
  "name": "accessing-command-line",
  "version": "1.0.0",
  "lockfileVersion": 3,
  "requires": true,
  "packages": {
    "": {
      "name": "accessing-command-line",
      "version": "1.0.0",
      "license": "ISC",
      "dependencies": {
        "accessing-command-line": "file:"
      }
    },
    "node_modules/accessing-command-line": {
      "resolved": "",
      "link": true
    }
  }
}
