{
  "name": "listing_15_18",
  "version": "1.0.0",
  "lockfileVersion": 3,
  "requires": true,
  "packages": {
    "": {
      "name": "listing_15_18",
      "version": "1.0.0",
      "dependencies": {
        "listing_15_18": "file:"
      }
    },
    "node_modules/listing_15_18": {
      "resolved": "",
      "link": true
    }
  }
}
